
Microsoft Visual Studio Solution File, Format Version 12.00
# Visual Studio Version 16
VisualStudioVersion = 16.0.31727.386
MinimumVisualStudioVersion = 10.0.40219.1
Project("{2150E333-8FDC-42A3-9474-1A3956D46DE8}") = "Client", "Client", "{5C3C61DC-2314-4A86-B3B6-7289BCB60F36}"
EndProject
Project("{2150E333-8FDC-42A3-9474-1A3956D46DE8}") = "SmsMs", "SmsMs", "{579DC640-E9B3-4F90-A34B-D9B8DF7E4D7C}"
EndProject
Project("{9A19103F-16F7-4668-BE54-9A1E7A4F7556}") = "ClientApi", "ClientApi\ClientApi.csproj", "{ED3D962B-C9C1-4390-B543-8E417F2AF650}"
EndProject
Project("{2150E333-8FDC-42A3-9474-1A3956D46DE8}") = "SharedKernel", "SharedKernel", "{43F61C3A-61EE-4EBF-9E79-BA7511B740E4}"
EndProject
Project("{2150E333-8FDC-42A3-9474-1A3956D46DE8}") = "Infrastructure", "Infrastructure", "{ED332D50-2550-4F31-9573-B848C052FE07}"
EndProject
Project("{2150E333-8FDC-42A3-9474-1A3956D46DE8}") = "Persistence", "Persistence", "{6447EC16-E9F4-4539-96F9-1EC9D4815A87}"
EndProject
Project("{2150E333-8FDC-42A3-9474-1A3956D46DE8}") = "SharedKernel", "SharedKernel", "{A9A6591E-DAE2-42EC-B2E2-539E5AFF4759}"
EndProject
Project("{9A19103F-16F7-4668-BE54-9A1E7A4F7556}") = "SmsMs.Persistence", "M-K.Persistence\SmsMs.Persistence.csproj", "{65DE9722-4F6E-4A91-92B1-F1AE4FAA186B}"
EndProject
Project("{2150E333-8FDC-42A3-9474-1A3956D46DE8}") = "Core", "Core", "{B54E6F0B-4035-48DC-BD64-C88C2C05B8F5}"
EndProject
Project("{9A19103F-16F7-4668-BE54-9A1E7A4F7556}") = "SmsMs.Application", "M-K.Application\SmsMs.Application.csproj", "{95D25D49-8E86-4A22-B0AE-8277A909A6CD}"
EndProject
Project("{FAE04EC0-301F-11D3-BF4B-00C04F79EFBC}") = "SmsMs.Infrastructure", "M-K.Infrastructure\SmsMs.Infrastructure.csproj", "{9F327CEB-EAA8-411D-A3B0-B6867FB1E075}"
EndProject
Project("{2150E333-8FDC-42A3-9474-1A3956D46DE8}") = "API", "API", "{D928EA30-5822-4D52-BB3B-1C25D5770937}"
EndProject
Project("{FAE04EC0-301F-11D3-BF4B-00C04F79EFBC}") = "SmsMs.Api", "SmsMs.Api\SmsMs.Api.csproj", "{FBE205AB-68C2-4FC0-91C3-6F02B51A9604}"
EndProject
Project("{FAE04EC0-301F-11D3-BF4B-00C04F79EFBC}") = "ServiceBusUtil", "ServiceBusUtil\ServiceBusUtil.csproj", "{42534905-242D-46B7-BEF0-E561B5AA88F9}"
EndProject
Project("{FAE04EC0-301F-11D3-BF4B-00C04F79EFBC}") = "SmsMs.Common", "SmsMs.Common\SmsMs.Common.csproj", "{2B4BBD3E-C617-4990-8B70-6EB11FF7CDC7}"
EndProject
Project("{FAE04EC0-301F-11D3-BF4B-00C04F79EFBC}") = "M_KShared", "M-KServiceBusResponseToClient\M_KShared.csproj", "{577291B9-000A-4AFD-B97A-849216D79D2F}"
EndProject
Global
	GlobalSection(SolutionConfigurationPlatforms) = preSolution
		Debug|Any CPU = Debug|Any CPU
		Release|Any CPU = Release|Any CPU
	EndGlobalSection
	GlobalSection(ProjectConfigurationPlatforms) = postSolution
		{ED3D962B-C9C1-4390-B543-8E417F2AF650}.Debug|Any CPU.ActiveCfg = Debug|Any CPU
		{ED3D962B-C9C1-4390-B543-8E417F2AF650}.Debug|Any CPU.Build.0 = Debug|Any CPU
		{ED3D962B-C9C1-4390-B543-8E417F2AF650}.Release|Any CPU.ActiveCfg = Release|Any CPU
		{ED3D962B-C9C1-4390-B543-8E417F2AF650}.Release|Any CPU.Build.0 = Release|Any CPU
		{65DE9722-4F6E-4A91-92B1-F1AE4FAA186B}.Debug|Any CPU.ActiveCfg = Debug|Any CPU
		{65DE9722-4F6E-4A91-92B1-F1AE4FAA186B}.Debug|Any CPU.Build.0 = Debug|Any CPU
		{65DE9722-4F6E-4A91-92B1-F1AE4FAA186B}.Release|Any CPU.ActiveCfg = Release|Any CPU
		{65DE9722-4F6E-4A91-92B1-F1AE4FAA186B}.Release|Any CPU.Build.0 = Release|Any CPU
		{95D25D49-8E86-4A22-B0AE-8277A909A6CD}.Debug|Any CPU.ActiveCfg = Debug|Any CPU
		{95D25D49-8E86-4A22-B0AE-8277A909A6CD}.Debug|Any CPU.Build.0 = Debug|Any CPU
		{95D25D49-8E86-4A22-B0AE-8277A909A6CD}.Release|Any CPU.ActiveCfg = Release|Any CPU
		{95D25D49-8E86-4A22-B0AE-8277A909A6CD}.Release|Any CPU.Build.0 = Release|Any CPU
		{9F327CEB-EAA8-411D-A3B0-B6867FB1E075}.Debug|Any CPU.ActiveCfg = Debug|Any CPU
		{9F327CEB-EAA8-411D-A3B0-B6867FB1E075}.Debug|Any CPU.Build.0 = Debug|Any CPU
		{9F327CEB-EAA8-411D-A3B0-B6867FB1E075}.Release|Any CPU.ActiveCfg = Release|Any CPU
		{9F327CEB-EAA8-411D-A3B0-B6867FB1E075}.Release|Any CPU.Build.0 = Release|Any CPU
		{FBE205AB-68C2-4FC0-91C3-6F02B51A9604}.Debug|Any CPU.ActiveCfg = Debug|Any CPU
		{FBE205AB-68C2-4FC0-91C3-6F02B51A9604}.Debug|Any CPU.Build.0 = Debug|Any CPU
		{FBE205AB-68C2-4FC0-91C3-6F02B51A9604}.Release|Any CPU.ActiveCfg = Release|Any CPU
		{FBE205AB-68C2-4FC0-91C3-6F02B51A9604}.Release|Any CPU.Build.0 = Release|Any CPU
		{42534905-242D-46B7-BEF0-E561B5AA88F9}.Debug|Any CPU.ActiveCfg = Debug|Any CPU
		{42534905-242D-46B7-BEF0-E561B5AA88F9}.Debug|Any CPU.Build.0 = Debug|Any CPU
		{42534905-242D-46B7-BEF0-E561B5AA88F9}.Release|Any CPU.ActiveCfg = Release|Any CPU
		{42534905-242D-46B7-BEF0-E561B5AA88F9}.Release|Any CPU.Build.0 = Release|Any CPU
		{2B4BBD3E-C617-4990-8B70-6EB11FF7CDC7}.Debug|Any CPU.ActiveCfg = Debug|Any CPU
		{2B4BBD3E-C617-4990-8B70-6EB11FF7CDC7}.Debug|Any CPU.Build.0 = Debug|Any CPU
		{2B4BBD3E-C617-4990-8B70-6EB11FF7CDC7}.Release|Any CPU.ActiveCfg = Release|Any CPU
		{2B4BBD3E-C617-4990-8B70-6EB11FF7CDC7}.Release|Any CPU.Build.0 = Release|Any CPU
		{577291B9-000A-4AFD-B97A-849216D79D2F}.Debug|Any CPU.ActiveCfg = Debug|Any CPU
		{577291B9-000A-4AFD-B97A-849216D79D2F}.Debug|Any CPU.Build.0 = Debug|Any CPU
		{577291B9-000A-4AFD-B97A-849216D79D2F}.Release|Any CPU.ActiveCfg = Release|Any CPU
		{577291B9-000A-4AFD-B97A-849216D79D2F}.Release|Any CPU.Build.0 = Release|Any CPU
	EndGlobalSection
	GlobalSection(SolutionProperties) = preSolution
		HideSolutionNode = FALSE
	EndGlobalSection
	GlobalSection(NestedProjects) = preSolution
		{ED3D962B-C9C1-4390-B543-8E417F2AF650} = {5C3C61DC-2314-4A86-B3B6-7289BCB60F36}
		{43F61C3A-61EE-4EBF-9E79-BA7511B740E4} = {579DC640-E9B3-4F90-A34B-D9B8DF7E4D7C}
		{ED332D50-2550-4F31-9573-B848C052FE07} = {579DC640-E9B3-4F90-A34B-D9B8DF7E4D7C}
		{6447EC16-E9F4-4539-96F9-1EC9D4815A87} = {579DC640-E9B3-4F90-A34B-D9B8DF7E4D7C}
		{65DE9722-4F6E-4A91-92B1-F1AE4FAA186B} = {6447EC16-E9F4-4539-96F9-1EC9D4815A87}
		{B54E6F0B-4035-48DC-BD64-C88C2C05B8F5} = {579DC640-E9B3-4F90-A34B-D9B8DF7E4D7C}
		{95D25D49-8E86-4A22-B0AE-8277A909A6CD} = {B54E6F0B-4035-48DC-BD64-C88C2C05B8F5}
		{9F327CEB-EAA8-411D-A3B0-B6867FB1E075} = {ED332D50-2550-4F31-9573-B848C052FE07}
		{D928EA30-5822-4D52-BB3B-1C25D5770937} = {579DC640-E9B3-4F90-A34B-D9B8DF7E4D7C}
		{FBE205AB-68C2-4FC0-91C3-6F02B51A9604} = {D928EA30-5822-4D52-BB3B-1C25D5770937}
		{42534905-242D-46B7-BEF0-E561B5AA88F9} = {A9A6591E-DAE2-42EC-B2E2-539E5AFF4759}
		{2B4BBD3E-C617-4990-8B70-6EB11FF7CDC7} = {43F61C3A-61EE-4EBF-9E79-BA7511B740E4}
		{577291B9-000A-4AFD-B97A-849216D79D2F} = {A9A6591E-DAE2-42EC-B2E2-539E5AFF4759}
	EndGlobalSection
	GlobalSection(ExtensibilityGlobals) = postSolution
		SolutionGuid = {968C3FFF-5090-4378-A2F1-32D81E39170D}
	EndGlobalSection
EndGlobal
